
Microsoft Visual Studio Solution File, Format Version 12.00
# Visual Studio Version 17
VisualStudioVersion = 17.9.34728.123
MinimumVisualStudioVersion = 10.0.40219.1
Project("{FAE04EC0-301F-11D3-BF4B-00C04F79EFBC}") = "apresentacao_calculo_soma_multiplicacao", "apresentacao_calculo_soma_multiplicacao\apresentacao_calculo_soma_multiplicacao.csproj", "{BFC865B2-954C-46A4-84DA-1C0AC8725044}"
EndProject
Global
	GlobalSection(SolutionConfigurationPlatforms) = preSolution
		Debug|Any CPU = Debug|Any CPU
		Release|Any CPU = Release|Any CPU
	EndGlobalSection
	GlobalSection(ProjectConfigurationPlatforms) = postSolution
		{BFC865B2-954C-46A4-84DA-1C0AC8725044}.Debug|Any CPU.ActiveCfg = Debug|Any CPU
		{BFC865B2-954C-46A4-84DA-1C0AC8725044}.Debug|Any CPU.Build.0 = Debug|Any CPU
		{BFC865B2-954C-46A4-84DA-1C0AC8725044}.Release|Any CPU.ActiveCfg = Release|Any CPU
		{BFC865B2-954C-46A4-84DA-1C0AC8725044}.Release|Any CPU.Build.0 = Release|Any CPU
	EndGlobalSection
	GlobalSection(SolutionProperties) = preSolution
		HideSolutionNode = FALSE
	EndGlobalSection
	GlobalSection(ExtensibilityGlobals) = postSolution
		SolutionGuid = {D6612DDA-F4FF-497B-8E22-4281FF4DF4B5}
	EndGlobalSection
EndGlobal
